{
  "name": "auto-traffic-control-server",
  "version": "1.0.0",
  "lockfileVersion": 1,
  "requires": true,
  "dependencies": {
    "auto-traffic-control": {
      "version": "0.3.2",
      "resolved": "https://registry.npmjs.org/auto-traffic-control/-/auto-traffic-control-0.3.2.tgz",
      "integrity": "sha512-C4GNVk3Aa03299iW2EmXaKdREiOmzjCL/G9LQw4mFMa0JZTIq0TO2TRS3VQbhJyMX0tNJ2PAF6MsVzp6CDiS9Q==",
      "requires": {
        "google-protobuf": "^3.20.1-rc.1"
      }
    },
    "google-protobuf": {
      "version": "3.21.2",
      "resolved": "https://registry.npmjs.org/google-protobuf/-/google-protobuf-3.21.2.tgz",
      "integrity": "sha512-3MSOYFO5U9mPGikIYCzK0SaThypfGgS6bHqrUGXG3DPHCrb+txNqeEcns1W0lkGfk0rCyNXm7xB9rMxnCiZOoA=="
    }
  }
}
